
Microsoft Visual Studio Solution File, Format Version 12.00
# Visual Studio 15
Project("{FAE04EC0-301F-11D3-BF4B-00C04F79EFBC}") = "OpenClose", "OpenClose\OpenClose.csproj", "{11B37572-1707-4FE1-BD0C-8E94C036A7D5}"
EndProject
Global
	GlobalSection(SolutionConfigurationPlatforms) = preSolution
		Debug|anycpu = Debug|anycpu
		Release|anycpu = Release|anycpu
	EndGlobalSection
	GlobalSection(ProjectConfigurationPlatforms) = postSolution
		{11B37572-1707-4FE1-BD0C-8E94C036A7D5}.Debug|anycpu.ActiveCfg = Debug|anycpu
		{11B37572-1707-4FE1-BD0C-8E94C036A7D5}.Debug|anycpu.Build.0 = Debug|anycpu
		{11B37572-1707-4FE1-BD0C-8E94C036A7D5}.Release|anycpu.ActiveCfg = Release|anycpu
		{11B37572-1707-4FE1-BD0C-8E94C036A7D5}.Release|anycpu.Build.0 = Release|anycpu
	EndGlobalSection
EndGlobal
