
Microsoft Visual Studio Solution File, Format Version 12.00
# Visual Studio 15
Project("{FAE04EC0-301F-11D3-BF4B-00C04F79EFBC}") = "SingleResponsibility", "SingleResponsible\SingleResponsibility.csproj", "{B53F64DC-DA5E-4819-9EED-6B0121B540F0}"
EndProject
Global
	GlobalSection(SolutionConfigurationPlatforms) = preSolution
		Debug|anycpu = Debug|anycpu
		Release|anycpu = Release|anycpu
	EndGlobalSection
	GlobalSection(ProjectConfigurationPlatforms) = postSolution
		{B53F64DC-DA5E-4819-9EED-6B0121B540F0}.Debug|anycpu.ActiveCfg = Debug|anycpu
		{B53F64DC-DA5E-4819-9EED-6B0121B540F0}.Debug|anycpu.Build.0 = Debug|anycpu
		{B53F64DC-DA5E-4819-9EED-6B0121B540F0}.Release|anycpu.ActiveCfg = Release|anycpu
		{B53F64DC-DA5E-4819-9EED-6B0121B540F0}.Release|anycpu.Build.0 = Release|anycpu
	EndGlobalSection
EndGlobal
