
Microsoft Visual Studio Solution File, Format Version 12.00
# Visual Studio 15
Project("{FAE04EC0-301F-11D3-BF4B-00C04F79EFBC}") = "InterfaceSegregation", "InterfaceSegregation\InterfaceSegregation.csproj", "{5A9790F8-AB3F-45FD-A8DC-47C3AC1DFC44}"
EndProject
Global
	GlobalSection(SolutionConfigurationPlatforms) = preSolution
		Debug|anycpu = Debug|anycpu
		Release|anycpu = Release|anycpu
	EndGlobalSection
	GlobalSection(ProjectConfigurationPlatforms) = postSolution
		{5A9790F8-AB3F-45FD-A8DC-47C3AC1DFC44}.Debug|anycpu.ActiveCfg = Debug|anycpu
		{5A9790F8-AB3F-45FD-A8DC-47C3AC1DFC44}.Debug|anycpu.Build.0 = Debug|anycpu
		{5A9790F8-AB3F-45FD-A8DC-47C3AC1DFC44}.Release|anycpu.ActiveCfg = Release|anycpu
		{5A9790F8-AB3F-45FD-A8DC-47C3AC1DFC44}.Release|anycpu.Build.0 = Release|anycpu
	EndGlobalSection
EndGlobal
